{
  "version": "3",
  "packages": {
    "specifiers": {
      "jsr:@std/assert@^0.226.0": "jsr:@std/assert@0.226.0",
      "jsr:@std/collections@^0.224.2": "jsr:@std/collections@0.224.2",
      "jsr:@std/internal@^1.0.0": "jsr:@std/internal@1.0.0",
      "jsr:@submarin-converter/core@^0.1.1": "jsr:@submarin-converter/core@0.1.1",
      "npm:genhera@^1.1.0": "npm:genhera@1.1.0"
    },
    "jsr": {
      "@std/assert@0.226.0": {
        "integrity": "0dfb5f7c7723c18cec118e080fec76ce15b4c31154b15ad2bd74822603ef75b3",
        "dependencies": [
          "jsr:@std/internal@^1.0.0"
        ]
      },
      "@std/collections@0.224.2": {
        "integrity": "e77819455294e92d4e7ddad1dbfd46f94174c09318e541e6621fac4a4d0ab326"
      },
      "@std/internal@1.0.0": {
        "integrity": "ac6a6dfebf838582c4b4f61a6907374e27e05bedb6ce276e0f1608fe84e7cd9a"
      },
      "@submarin-converter/core@0.1.1": {
        "integrity": "b2529f599b0a1966d64116a269840676906d33c972469af839ef3e0e39de5027",
        "dependencies": [
          "jsr:@std/collections@^0.224.2"
        ]
      }
    },
    "npm": {
      "@submarin/generator@1.0.0": {
        "integrity": "sha512-XuBVSRN5XGzVJYyrBj+pFo3GmubpKwWoRfyhO6p/VuCHAQ7zpPU+0k6Yuiw0pauWIsuJwdcRWhZgRXIxG2kalA==",
        "dependencies": {}
      },
      "genhera@1.1.0": {
        "integrity": "sha512-dSBDvfde489r876QaBIVx8fOzYI3JSgg/qvnit0GzGkrOoCn5zvKiQYlgIe2a3YqxM37vWWJ9yb+ze4Zdv127A==",
        "dependencies": {
          "@submarin/generator": "@submarin/generator@1.0.0"
        }
      }
    }
  },
  "remote": {},
  "workspace": {
    "dependencies": [
      "jsr:@std/assert@^0.226.0",
      "jsr:@submarin-converter/core@^0.1.1",
      "npm:genhera@^1.1.0"
    ]
  }
}
