{
  "version": "4",
  "specifiers": {
    "jsr:@std/assert@^1.0.11": "1.0.11",
    "jsr:@std/internal@^1.0.5": "1.0.5",
    "jsr:@submarin-converter/core@~0.2.4": "0.2.4",
    "npm:deepmerge-ts@^7.1.4": "7.1.4",
    "npm:genhera@^1.1.0": "1.1.0"
  },
  "jsr": {
    "@std/assert@1.0.11": {
      "integrity": "2461ef3c368fe88bc60e186e7744a93112f16fd110022e113a0849e94d1c83c1",
      "dependencies": [
        "jsr:@std/internal"
      ]
    },
    "@std/internal@1.0.5": {
      "integrity": "54a546004f769c1ac9e025abd15a76b6671ddc9687e2313b67376125650dc7ba"
    },
    "@submarin-converter/core@0.2.4": {
      "integrity": "ff48a089d3f0a195a89be4eda8a9e6d3a84f868c5aef14bb9d1a8a23bb2f3aae",
      "dependencies": [
        "npm:deepmerge-ts"
      ]
    }
  },
  "npm": {
    "@submarin/generator@1.0.0": {
      "integrity": "sha512-XuBVSRN5XGzVJYyrBj+pFo3GmubpKwWoRfyhO6p/VuCHAQ7zpPU+0k6Yuiw0pauWIsuJwdcRWhZgRXIxG2kalA=="
    },
    "deepmerge-ts@7.1.4": {
      "integrity": "sha512-fxqo6nHGQ9zOVgI4KXqtWXJR/yCLtC7aXIVq+6jc8tHPFUxlFmuUcm2kC4vztQ+LJxQ3gER/XAWearGYQ8niGA=="
    },
    "genhera@1.1.0": {
      "integrity": "sha512-dSBDvfde489r876QaBIVx8fOzYI3JSgg/qvnit0GzGkrOoCn5zvKiQYlgIe2a3YqxM37vWWJ9yb+ze4Zdv127A==",
      "dependencies": [
        "@submarin/generator"
      ]
    }
  },
  "workspace": {
    "dependencies": [
      "jsr:@std/assert@^1.0.11",
      "jsr:@submarin-converter/core@~0.2.4",
      "npm:genhera@^1.1.0"
    ]
  }
}
